{
  "pins" : [
    {
      "identity" : "swiftui-navigation-stack",
      "kind" : "remoteSourceControl",
      "location" : "https://github.com/matteopuc/swiftui-navigation-stack.git",
      "state" : {
        "branch" : "develop",
        "revision" : "d9019a71a244edc15ff4ad8826daa5e78579b6bf"
      }
    }
  ],
  "version" : 2
}
