// !$*UTF8*$!
{
	archiveVersion = 1;
	classes = {
	};
	objectVersion = 55;
	objects = {

/* Begin PBXBuildFile section */
		03472A9528A24AB9008F51DE /* NavigationStack in Frameworks */ = {isa = PBXBuildFile; productRef = 03472A9428A24AB9008F51DE /* NavigationStack */; };
		03472A9A28A25328008F51DE /* AuthenticationModel.swift in Sources */ = {isa = PBXBuildFile; fileRef = 03472A9928A25328008F51DE /* AuthenticationModel.swift */; };
		03472A9C28A25336008F51DE /* AuthenticationView.swift in Sources */ = {isa = PBXBuildFile; fileRef = 03472A9B28A25336008F51DE /* AuthenticationView.swift */; };
		03472A9F28A2611F008F51DE /* OnboardingView.swift in Sources */ = {isa = PBXBuildFile; fileRef = 03472A9E28A2611F008F51DE /* OnboardingView.swift */; };
		03472AA128A2655E008F51DE /* SlideIndicatorView.swift in Sources */ = {isa = PBXBuildFile; fileRef = 03472AA028A2655E008F51DE /* SlideIndicatorView.swift */; };
		03472AA328A26950008F51DE /* OnboardingViewModel.swift in Sources */ = {isa = PBXBuildFile; fileRef = 03472AA228A26950008F51DE /* OnboardingViewModel.swift */; };
		03472B0C28A27ED0008F51DE /* BaiJamjuree-MediumItalic.ttf in Resources */ = {isa = PBXBuildFile; fileRef = 03472B0028A27ED0008F51DE /* BaiJamjuree-MediumItalic.ttf */; };
		03472B0D28A27ED0008F51DE /* BaiJamjuree-BoldItalic.ttf in Resources */ = {isa = PBXBuildFile; fileRef = 03472B0128A27ED0008F51DE /* BaiJamjuree-BoldItalic.ttf */; };
		03472B0E28A27ED0008F51DE /* BaiJamjuree-ExtraLightItalic.ttf in Resources */ = {isa = PBXBuildFile; fileRef = 03472B0228A27ED0008F51DE /* BaiJamjuree-ExtraLightItalic.ttf */; };
		03472B0F28A27ED0008F51DE /* BaiJamjuree-SemiBoldItalic.ttf in Resources */ = {isa = PBXBuildFile; fileRef = 03472B0328A27ED0008F51DE /* BaiJamjuree-SemiBoldItalic.ttf */; };
		03472B1028A27ED0008F51DE /* BaiJamjuree-Light.ttf in Resources */ = {isa = PBXBuildFile; fileRef = 03472B0428A27ED0008F51DE /* BaiJamjuree-Light.ttf */; };
		03472B1128A27ED0008F51DE /* BaiJamjuree-Regular.ttf in Resources */ = {isa = PBXBuildFile; fileRef = 03472B0528A27ED0008F51DE /* BaiJamjuree-Regular.ttf */; };
		03472B1228A27ED0008F51DE /* BaiJamjuree-Italic.ttf in Resources */ = {isa = PBXBuildFile; fileRef = 03472B0628A27ED0008F51DE /* BaiJamjuree-Italic.ttf */; };
		03472B1328A27ED0008F51DE /* BaiJamjuree-SemiBold.ttf in Resources */ = {isa = PBXBuildFile; fileRef = 03472B0728A27ED0008F51DE /* BaiJamjuree-SemiBold.ttf */; };
		03472B1428A27ED0008F51DE /* BaiJamjuree-Bold.ttf in Resources */ = {isa = PBXBuildFile; fileRef = 03472B0828A27ED0008F51DE /* BaiJamjuree-Bold.ttf */; };
		03472B1528A27ED0008F51DE /* BaiJamjuree-LightItalic.ttf in Resources */ = {isa = PBXBuildFile; fileRef = 03472B0928A27ED0008F51DE /* BaiJamjuree-LightItalic.ttf */; };
		03472B1628A27ED0008F51DE /* BaiJamjuree-ExtraLight.ttf in Resources */ = {isa = PBXBuildFile; fileRef = 03472B0A28A27ED0008F51DE /* BaiJamjuree-ExtraLight.ttf */; };
		03472B1728A27ED0008F51DE /* BaiJamjuree-Medium.ttf in Resources */ = {isa = PBXBuildFile; fileRef = 03472B0B28A27ED0008F51DE /* BaiJamjuree-Medium.ttf */; };
		03472B2728AB83D4008F51DE /* MainCoordinatorView.swift in Sources */ = {isa = PBXBuildFile; fileRef = 03472B2628AB83D4008F51DE /* MainCoordinatorView.swift */; };
		035033F428AE1FB80084762F /* Buttons.swift in Sources */ = {isa = PBXBuildFile; fileRef = 035033F328AE1FB80084762F /* Buttons.swift */; };
		035033F628AE20540084762F /* ColorExtensions.swift in Sources */ = {isa = PBXBuildFile; fileRef = 035033F528AE20540084762F /* ColorExtensions.swift */; };
		035033F828AE26C00084762F /* AuthenticationBackground.swift in Sources */ = {isa = PBXBuildFile; fileRef = 035033F728AE26C00084762F /* AuthenticationBackground.swift */; };
		0356772128AE3CFF00FDB6BC /* LogInView.swift in Sources */ = {isa = PBXBuildFile; fileRef = 0356772028AE3CFF00FDB6BC /* LogInView.swift */; };
		0356772428AE629D00FDB6BC /* ForgotPasswordView.swift in Sources */ = {isa = PBXBuildFile; fileRef = 0356772328AE629D00FDB6BC /* ForgotPasswordView.swift */; };
		036FF87128AB8F97004C913A /* OnboardingCoordinatorView.swift in Sources */ = {isa = PBXBuildFile; fileRef = 036FF87028AB8F97004C913A /* OnboardingCoordinatorView.swift */; };
		036FF87428AB9F11004C913A /* NavigationStack in Frameworks */ = {isa = PBXBuildFile; productRef = 036FF87328AB9F11004C913A /* NavigationStack */; };
		036FF87728ABB925004C913A /* ViewExtensions.swift in Sources */ = {isa = PBXBuildFile; fileRef = 036FF87628ABB925004C913A /* ViewExtensions.swift */; };
		036FF87A28ABBC3C004C913A /* FloatingTextField.swift in Sources */ = {isa = PBXBuildFile; fileRef = 036FF87928ABBC3C004C913A /* FloatingTextField.swift */; };
		036FF87C28ABC513004C913A /* TextExtensions.swift in Sources */ = {isa = PBXBuildFile; fileRef = 036FF87B28ABC513004C913A /* TextExtensions.swift */; };
		036FF88028AD01CB004C913A /* FontExtensions.swift in Sources */ = {isa = PBXBuildFile; fileRef = 036FF87F28AD01CB004C913A /* FontExtensions.swift */; };
		036FF88328AD1C20004C913A /* SignUpCoordinatorView.swift in Sources */ = {isa = PBXBuildFile; fileRef = 036FF88228AD1C20004C913A /* SignUpCoordinatorView.swift */; };
		03AFACAF28B8AB9800DD0DE7 /* LicenseInformationView.swift in Sources */ = {isa = PBXBuildFile; fileRef = 03AFACAE28B8AB9800DD0DE7 /* LicenseInformationView.swift */; };
		03AFAD2E28B8E76A00DD0DE7 /* WaitingForValidationView.swift in Sources */ = {isa = PBXBuildFile; fileRef = 03AFAD2D28B8E76A00DD0DE7 /* WaitingForValidationView.swift */; };
		03AFAD3028B8E9FC00DD0DE7 /* ValidatedView.swift in Sources */ = {isa = PBXBuildFile; fileRef = 03AFAD2F28B8E9FB00DD0DE7 /* ValidatedView.swift */; };
		40B76836468B34F34ADA0E87 /* Pods_MoveTests.framework in Frameworks */ = {isa = PBXBuildFile; fileRef = 8E87E137A12647164664F69B /* Pods_MoveTests.framework */; };
		9B0EC048ACDC99413EFBC8F7 /* Pods_Move_MoveUITests.framework in Frameworks */ = {isa = PBXBuildFile; fileRef = 72C83EF8B12F95B27F5BA2EE /* Pods_Move_MoveUITests.framework */; };
		BCEC1E2D35D19CE6D34D4EDF /* Pods_Move.framework in Frameworks */ = {isa = PBXBuildFile; fileRef = E867692D79AB178751228CEF /* Pods_Move.framework */; };
		F94A968928BCA61F00231B2E /* UserCredentialsAPI.swift in Sources */ = {isa = PBXBuildFile; fileRef = F94A968828BCA61F00231B2E /* UserCredentialsAPI.swift */; };
		F9A1A7F228A1163200E8DFB9 /* MoveApp.swift in Sources */ = {isa = PBXBuildFile; fileRef = F9A1A7F128A1163200E8DFB9 /* MoveApp.swift */; };
		F9A1A7F428A1163200E8DFB9 /* ContentView.swift in Sources */ = {isa = PBXBuildFile; fileRef = F9A1A7F328A1163200E8DFB9 /* ContentView.swift */; };
		F9A1A7F628A1163400E8DFB9 /* Assets.xcassets in Resources */ = {isa = PBXBuildFile; fileRef = F9A1A7F528A1163400E8DFB9 /* Assets.xcassets */; };
		F9A1A7F928A1163400E8DFB9 /* Preview Assets.xcassets in Resources */ = {isa = PBXBuildFile; fileRef = F9A1A7F828A1163400E8DFB9 /* Preview Assets.xcassets */; };
		F9A1A80328A1163400E8DFB9 /* MoveTests.swift in Sources */ = {isa = PBXBuildFile; fileRef = F9A1A80228A1163400E8DFB9 /* MoveTests.swift */; };
		F9A1A80D28A1163500E8DFB9 /* MoveUITests.swift in Sources */ = {isa = PBXBuildFile; fileRef = F9A1A80C28A1163500E8DFB9 /* MoveUITests.swift */; };
		F9A1A80F28A1163500E8DFB9 /* MoveUITestsLaunchTests.swift in Sources */ = {isa = PBXBuildFile; fileRef = F9A1A80E28A1163500E8DFB9 /* MoveUITestsLaunchTests.swift */; };
		F9A1A81D28A11C9100E8DFB9 /* SplashView.swift in Sources */ = {isa = PBXBuildFile; fileRef = F9A1A81C28A11C9100E8DFB9 /* SplashView.swift */; };
		F9A1A82028A1269C00E8DFB9 /* NavigationStack in Frameworks */ = {isa = PBXBuildFile; productRef = F9A1A81F28A1269C00E8DFB9 /* NavigationStack */; };
/* End PBXBuildFile section */

/* Begin PBXContainerItemProxy section */
		F9A1A7FF28A1163400E8DFB9 /* PBXContainerItemProxy */ = {
			isa = PBXContainerItemProxy;
			containerPortal = F9A1A7E628A1163200E8DFB9 /* Project object */;
			proxyType = 1;
			remoteGlobalIDString = F9A1A7ED28A1163200E8DFB9;
			remoteInfo = Move;
		};
		F9A1A80928A1163500E8DFB9 /* PBXContainerItemProxy */ = {
			isa = PBXContainerItemProxy;
			containerPortal = F9A1A7E628A1163200E8DFB9 /* Project object */;
			proxyType = 1;
			remoteGlobalIDString = F9A1A7ED28A1163200E8DFB9;
			remoteInfo = Move;
		};
/* End PBXContainerItemProxy section */

/* Begin PBXFileReference section */
		03472A9928A25328008F51DE /* AuthenticationModel.swift */ = {isa = PBXFileReference; lastKnownFileType = sourcecode.swift; path = AuthenticationModel.swift; sourceTree = "<group>"; };
		03472A9B28A25336008F51DE /* AuthenticationView.swift */ = {isa = PBXFileReference; lastKnownFileType = sourcecode.swift; path = AuthenticationView.swift; sourceTree = "<group>"; };
		03472A9E28A2611F008F51DE /* OnboardingView.swift */ = {isa = PBXFileReference; lastKnownFileType = sourcecode.swift; path = OnboardingView.swift; sourceTree = "<group>"; };
		03472AA028A2655E008F51DE /* SlideIndicatorView.swift */ = {isa = PBXFileReference; lastKnownFileType = sourcecode.swift; path = SlideIndicatorView.swift; sourceTree = "<group>"; };
		03472AA228A26950008F51DE /* OnboardingViewModel.swift */ = {isa = PBXFileReference; lastKnownFileType = sourcecode.swift; path = OnboardingViewModel.swift; sourceTree = "<group>"; };
		03472ACB28A272CF008F51DE /* Info.plist */ = {isa = PBXFileReference; lastKnownFileType = text.plist; path = Info.plist; sourceTree = "<group>"; };
		03472B0028A27ED0008F51DE /* BaiJamjuree-MediumItalic.ttf */ = {isa = PBXFileReference; lastKnownFileType = file; path = "BaiJamjuree-MediumItalic.ttf"; sourceTree = "<group>"; };
		03472B0128A27ED0008F51DE /* BaiJamjuree-BoldItalic.ttf */ = {isa = PBXFileReference; lastKnownFileType = file; path = "BaiJamjuree-BoldItalic.ttf"; sourceTree = "<group>"; };
		03472B0228A27ED0008F51DE /* BaiJamjuree-ExtraLightItalic.ttf */ = {isa = PBXFileReference; lastKnownFileType = file; path = "BaiJamjuree-ExtraLightItalic.ttf"; sourceTree = "<group>"; };
		03472B0328A27ED0008F51DE /* BaiJamjuree-SemiBoldItalic.ttf */ = {isa = PBXFileReference; lastKnownFileType = file; path = "BaiJamjuree-SemiBoldItalic.ttf"; sourceTree = "<group>"; };
		03472B0428A27ED0008F51DE /* BaiJamjuree-Light.ttf */ = {isa = PBXFileReference; lastKnownFileType = file; path = "BaiJamjuree-Light.ttf"; sourceTree = "<group>"; };
		03472B0528A27ED0008F51DE /* BaiJamjuree-Regular.ttf */ = {isa = PBXFileReference; lastKnownFileType = file; path = "BaiJamjuree-Regular.ttf"; sourceTree = "<group>"; };
		03472B0628A27ED0008F51DE /* BaiJamjuree-Italic.ttf */ = {isa = PBXFileReference; lastKnownFileType = file; path = "BaiJamjuree-Italic.ttf"; sourceTree = "<group>"; };
		03472B0728A27ED0008F51DE /* BaiJamjuree-SemiBold.ttf */ = {isa = PBXFileReference; lastKnownFileType = file; path = "BaiJamjuree-SemiBold.ttf"; sourceTree = "<group>"; };
		03472B0828A27ED0008F51DE /* BaiJamjuree-Bold.ttf */ = {isa = PBXFileReference; lastKnownFileType = file; path = "BaiJamjuree-Bold.ttf"; sourceTree = "<group>"; };
		03472B0928A27ED0008F51DE /* BaiJamjuree-LightItalic.ttf */ = {isa = PBXFileReference; lastKnownFileType = file; path = "BaiJamjuree-LightItalic.ttf"; sourceTree = "<group>"; };
		03472B0A28A27ED0008F51DE /* BaiJamjuree-ExtraLight.ttf */ = {isa = PBXFileReference; lastKnownFileType = file; path = "BaiJamjuree-ExtraLight.ttf"; sourceTree = "<group>"; };
		03472B0B28A27ED0008F51DE /* BaiJamjuree-Medium.ttf */ = {isa = PBXFileReference; lastKnownFileType = file; path = "BaiJamjuree-Medium.ttf"; sourceTree = "<group>"; };
		03472B2628AB83D4008F51DE /* MainCoordinatorView.swift */ = {isa = PBXFileReference; lastKnownFileType = sourcecode.swift; path = MainCoordinatorView.swift; sourceTree = "<group>"; };
		035033F328AE1FB80084762F /* Buttons.swift */ = {isa = PBXFileReference; lastKnownFileType = sourcecode.swift; path = Buttons.swift; sourceTree = "<group>"; };
		035033F528AE20540084762F /* ColorExtensions.swift */ = {isa = PBXFileReference; lastKnownFileType = sourcecode.swift; path = ColorExtensions.swift; sourceTree = "<group>"; };
		035033F728AE26C00084762F /* AuthenticationBackground.swift */ = {isa = PBXFileReference; lastKnownFileType = sourcecode.swift; path = AuthenticationBackground.swift; sourceTree = "<group>"; };
		0356772028AE3CFF00FDB6BC /* LogInView.swift */ = {isa = PBXFileReference; lastKnownFileType = sourcecode.swift; path = LogInView.swift; sourceTree = "<group>"; };
		0356772328AE629D00FDB6BC /* ForgotPasswordView.swift */ = {isa = PBXFileReference; lastKnownFileType = sourcecode.swift; path = ForgotPasswordView.swift; sourceTree = "<group>"; };
		036FF87028AB8F97004C913A /* OnboardingCoordinatorView.swift */ = {isa = PBXFileReference; lastKnownFileType = sourcecode.swift; path = OnboardingCoordinatorView.swift; sourceTree = "<group>"; };
		036FF87628ABB925004C913A /* ViewExtensions.swift */ = {isa = PBXFileReference; lastKnownFileType = sourcecode.swift; path = ViewExtensions.swift; sourceTree = "<group>"; };
		036FF87928ABBC3C004C913A /* FloatingTextField.swift */ = {isa = PBXFileReference; lastKnownFileType = sourcecode.swift; path = FloatingTextField.swift; sourceTree = "<group>"; };
		036FF87B28ABC513004C913A /* TextExtensions.swift */ = {isa = PBXFileReference; lastKnownFileType = sourcecode.swift; path = TextExtensions.swift; sourceTree = "<group>"; };
		036FF87F28AD01CB004C913A /* FontExtensions.swift */ = {isa = PBXFileReference; lastKnownFileType = sourcecode.swift; path = FontExtensions.swift; sourceTree = "<group>"; };
		036FF88228AD1C20004C913A /* SignUpCoordinatorView.swift */ = {isa = PBXFileReference; lastKnownFileType = sourcecode.swift; path = SignUpCoordinatorView.swift; sourceTree = "<group>"; };
		03AFACAE28B8AB9800DD0DE7 /* LicenseInformationView.swift */ = {isa = PBXFileReference; lastKnownFileType = sourcecode.swift; path = LicenseInformationView.swift; sourceTree = "<group>"; };
		03AFAD2D28B8E76A00DD0DE7 /* WaitingForValidationView.swift */ = {isa = PBXFileReference; lastKnownFileType = sourcecode.swift; path = WaitingForValidationView.swift; sourceTree = "<group>"; };
		03AFAD2F28B8E9FB00DD0DE7 /* ValidatedView.swift */ = {isa = PBXFileReference; lastKnownFileType = sourcecode.swift; path = ValidatedView.swift; sourceTree = "<group>"; };
		248BCD4C9A3ED0BD3370D941 /* Pods-Move-MoveUITests.release.xcconfig */ = {isa = PBXFileReference; includeInIndex = 1; lastKnownFileType = text.xcconfig; name = "Pods-Move-MoveUITests.release.xcconfig"; path = "Target Support Files/Pods-Move-MoveUITests/Pods-Move-MoveUITests.release.xcconfig"; sourceTree = "<group>"; };
		58142A9E78918E9180F60432 /* Pods-Move-MoveUITests.debug.xcconfig */ = {isa = PBXFileReference; includeInIndex = 1; lastKnownFileType = text.xcconfig; name = "Pods-Move-MoveUITests.debug.xcconfig"; path = "Target Support Files/Pods-Move-MoveUITests/Pods-Move-MoveUITests.debug.xcconfig"; sourceTree = "<group>"; };
		72C83EF8B12F95B27F5BA2EE /* Pods_Move_MoveUITests.framework */ = {isa = PBXFileReference; explicitFileType = wrapper.framework; includeInIndex = 0; path = Pods_Move_MoveUITests.framework; sourceTree = BUILT_PRODUCTS_DIR; };
		8E87E137A12647164664F69B /* Pods_MoveTests.framework */ = {isa = PBXFileReference; explicitFileType = wrapper.framework; includeInIndex = 0; path = Pods_MoveTests.framework; sourceTree = BUILT_PRODUCTS_DIR; };
		9C213F793951F3F01D93923C /* Pods-MoveTests.release.xcconfig */ = {isa = PBXFileReference; includeInIndex = 1; lastKnownFileType = text.xcconfig; name = "Pods-MoveTests.release.xcconfig"; path = "Target Support Files/Pods-MoveTests/Pods-MoveTests.release.xcconfig"; sourceTree = "<group>"; };
		A78BC7C3872B258E01CC2329 /* Pods-Move.release.xcconfig */ = {isa = PBXFileReference; includeInIndex = 1; lastKnownFileType = text.xcconfig; name = "Pods-Move.release.xcconfig"; path = "Target Support Files/Pods-Move/Pods-Move.release.xcconfig"; sourceTree = "<group>"; };
		D605BCA9BAC10CBA2DDC75BF /* Pods-Move.debug.xcconfig */ = {isa = PBXFileReference; includeInIndex = 1; lastKnownFileType = text.xcconfig; name = "Pods-Move.debug.xcconfig"; path = "Target Support Files/Pods-Move/Pods-Move.debug.xcconfig"; sourceTree = "<group>"; };
		E867692D79AB178751228CEF /* Pods_Move.framework */ = {isa = PBXFileReference; explicitFileType = wrapper.framework; includeInIndex = 0; path = Pods_Move.framework; sourceTree = BUILT_PRODUCTS_DIR; };
		EDF2C768156706EB560C1788 /* Pods-MoveTests.debug.xcconfig */ = {isa = PBXFileReference; includeInIndex = 1; lastKnownFileType = text.xcconfig; name = "Pods-MoveTests.debug.xcconfig"; path = "Target Support Files/Pods-MoveTests/Pods-MoveTests.debug.xcconfig"; sourceTree = "<group>"; };
		F94A968828BCA61F00231B2E /* UserCredentialsAPI.swift */ = {isa = PBXFileReference; lastKnownFileType = sourcecode.swift; path = UserCredentialsAPI.swift; sourceTree = "<group>"; };
		F9A1A7EE28A1163200E8DFB9 /* Move.app */ = {isa = PBXFileReference; explicitFileType = wrapper.application; includeInIndex = 0; path = Move.app; sourceTree = BUILT_PRODUCTS_DIR; };
		F9A1A7F128A1163200E8DFB9 /* MoveApp.swift */ = {isa = PBXFileReference; lastKnownFileType = sourcecode.swift; path = MoveApp.swift; sourceTree = "<group>"; };
		F9A1A7F328A1163200E8DFB9 /* ContentView.swift */ = {isa = PBXFileReference; lastKnownFileType = sourcecode.swift; path = ContentView.swift; sourceTree = "<group>"; };
		F9A1A7F528A1163400E8DFB9 /* Assets.xcassets */ = {isa = PBXFileReference; lastKnownFileType = folder.assetcatalog; path = Assets.xcassets; sourceTree = "<group>"; };
		F9A1A7F828A1163400E8DFB9 /* Preview Assets.xcassets */ = {isa = PBXFileReference; lastKnownFileType = folder.assetcatalog; path = "Preview Assets.xcassets"; sourceTree = "<group>"; };
		F9A1A7FE28A1163400E8DFB9 /* MoveTests.xctest */ = {isa = PBXFileReference; explicitFileType = wrapper.cfbundle; includeInIndex = 0; path = MoveTests.xctest; sourceTree = BUILT_PRODUCTS_DIR; };
		F9A1A80228A1163400E8DFB9 /* MoveTests.swift */ = {isa = PBXFileReference; lastKnownFileType = sourcecode.swift; path = MoveTests.swift; sourceTree = "<group>"; };
		F9A1A80828A1163500E8DFB9 /* MoveUITests.xctest */ = {isa = PBXFileReference; explicitFileType = wrapper.cfbundle; includeInIndex = 0; path = MoveUITests.xctest; sourceTree = BUILT_PRODUCTS_DIR; };
		F9A1A80C28A1163500E8DFB9 /* MoveUITests.swift */ = {isa = PBXFileReference; lastKnownFileType = sourcecode.swift; path = MoveUITests.swift; sourceTree = "<group>"; };
		F9A1A80E28A1163500E8DFB9 /* MoveUITestsLaunchTests.swift */ = {isa = PBXFileReference; lastKnownFileType = sourcecode.swift; path = MoveUITestsLaunchTests.swift; sourceTree = "<group>"; };
		F9A1A81C28A11C9100E8DFB9 /* SplashView.swift */ = {isa = PBXFileReference; lastKnownFileType = sourcecode.swift; path = SplashView.swift; sourceTree = "<group>"; };
/* End PBXFileReference section */

/* Begin PBXFrameworksBuildPhase section */
		F9A1A7EB28A1163200E8DFB9 /* Frameworks */ = {
			isa = PBXFrameworksBuildPhase;
			buildActionMask = 2147483647;
			files = (
				F9A1A82028A1269C00E8DFB9 /* NavigationStack in Frameworks */,
				036FF87428AB9F11004C913A /* NavigationStack in Frameworks */,
				03472A9528A24AB9008F51DE /* NavigationStack in Frameworks */,
				BCEC1E2D35D19CE6D34D4EDF /* Pods_Move.framework in Frameworks */,
			);
			runOnlyForDeploymentPostprocessing = 0;
		};
		F9A1A7FB28A1163400E8DFB9 /* Frameworks */ = {
			isa = PBXFrameworksBuildPhase;
			buildActionMask = 2147483647;
			files = (
				40B76836468B34F34ADA0E87 /* Pods_MoveTests.framework in Frameworks */,
			);
			runOnlyForDeploymentPostprocessing = 0;
		};
		F9A1A80528A1163500E8DFB9 /* Frameworks */ = {
			isa = PBXFrameworksBuildPhase;
			buildActionMask = 2147483647;
			files = (
				9B0EC048ACDC99413EFBC8F7 /* Pods_Move_MoveUITests.framework in Frameworks */,
			);
			runOnlyForDeploymentPostprocessing = 0;
		};
/* End PBXFrameworksBuildPhase section */

/* Begin PBXGroup section */
		03472A9828A252F5008F51DE /* Authentication */ = {
			isa = PBXGroup;
			children = (
				0356772228AE628C00FDB6BC /* ForgotPassword */,
				0356771D28AE3CE200FDB6BC /* LogIn */,
				0356771C28AE3CC400FDB6BC /* SignUp */,
			);
			path = Authentication;
			sourceTree = "<group>";
		};
		03472A9D28A260EA008F51DE /* Onboarding */ = {
			isa = PBXGroup;
			children = (
				03472A9E28A2611F008F51DE /* OnboardingView.swift */,
				03472AA028A2655E008F51DE /* SlideIndicatorView.swift */,
				03472AA228A26950008F51DE /* OnboardingViewModel.swift */,
			);
			path = Onboarding;
			sourceTree = "<group>";
		};
		03472B2528AB83C0008F51DE /* Coordinators */ = {
			isa = PBXGroup;
			children = (
				03472B2628AB83D4008F51DE /* MainCoordinatorView.swift */,
				036FF87028AB8F97004C913A /* OnboardingCoordinatorView.swift */,
				036FF88228AD1C20004C913A /* SignUpCoordinatorView.swift */,
			);
			path = Coordinators;
			sourceTree = "<group>";
		};
		0356771C28AE3CC400FDB6BC /* SignUp */ = {
			isa = PBXGroup;
			children = (
				03472A9928A25328008F51DE /* AuthenticationModel.swift */,
				03472A9B28A25336008F51DE /* AuthenticationView.swift */,
			);
			path = SignUp;
			sourceTree = "<group>";
		};
		0356771D28AE3CE200FDB6BC /* LogIn */ = {
			isa = PBXGroup;
			children = (
				0356772028AE3CFF00FDB6BC /* LogInView.swift */,
			);
			path = LogIn;
			sourceTree = "<group>";
		};
		0356772228AE628C00FDB6BC /* ForgotPassword */ = {
			isa = PBXGroup;
			children = (
				0356772328AE629D00FDB6BC /* ForgotPasswordView.swift */,
			);
			path = ForgotPassword;
			sourceTree = "<group>";
		};
		036FF87528ABB917004C913A /* Extensions */ = {
			isa = PBXGroup;
			children = (
				036FF87628ABB925004C913A /* ViewExtensions.swift */,
				036FF87B28ABC513004C913A /* TextExtensions.swift */,
				036FF87F28AD01CB004C913A /* FontExtensions.swift */,
				035033F528AE20540084762F /* ColorExtensions.swift */,
			);
			path = Extensions;
			sourceTree = "<group>";
		};
		036FF87828ABBC2E004C913A /* Components */ = {
			isa = PBXGroup;
			children = (
				036FF87928ABBC3C004C913A /* FloatingTextField.swift */,
				035033F328AE1FB80084762F /* Buttons.swift */,
				035033F728AE26C00084762F /* AuthenticationBackground.swift */,
			);
			path = Components;
			sourceTree = "<group>";
		};
		036FF88128AD06F0004C913A /* Fonts */ = {
			isa = PBXGroup;
			children = (
				03472B0828A27ED0008F51DE /* BaiJamjuree-Bold.ttf */,
				03472B0128A27ED0008F51DE /* BaiJamjuree-BoldItalic.ttf */,
				03472B0A28A27ED0008F51DE /* BaiJamjuree-ExtraLight.ttf */,
				03472B0228A27ED0008F51DE /* BaiJamjuree-ExtraLightItalic.ttf */,
				03472B0628A27ED0008F51DE /* BaiJamjuree-Italic.ttf */,
				03472B0428A27ED0008F51DE /* BaiJamjuree-Light.ttf */,
				03472B0928A27ED0008F51DE /* BaiJamjuree-LightItalic.ttf */,
				03472B0B28A27ED0008F51DE /* BaiJamjuree-Medium.ttf */,
				03472B0028A27ED0008F51DE /* BaiJamjuree-MediumItalic.ttf */,
				03472B0528A27ED0008F51DE /* BaiJamjuree-Regular.ttf */,
				03472B0728A27ED0008F51DE /* BaiJamjuree-SemiBold.ttf */,
				03472B0328A27ED0008F51DE /* BaiJamjuree-SemiBoldItalic.ttf */,
			);
			path = Fonts;
			sourceTree = "<group>";
		};
		03AFACAD28B8AB7400DD0DE7 /* DrivingLicenseView */ = {
			isa = PBXGroup;
			children = (
				03AFACAE28B8AB9800DD0DE7 /* LicenseInformationView.swift */,
				03AFAD2D28B8E76A00DD0DE7 /* WaitingForValidationView.swift */,
				03AFAD2F28B8E9FB00DD0DE7 /* ValidatedView.swift */,
			);
			path = DrivingLicenseView;
			sourceTree = "<group>";
		};
		405DEDA70057F1F1CC008FF7 /* Pods */ = {
			isa = PBXGroup;
			children = (
				D605BCA9BAC10CBA2DDC75BF /* Pods-Move.debug.xcconfig */,
				A78BC7C3872B258E01CC2329 /* Pods-Move.release.xcconfig */,
				58142A9E78918E9180F60432 /* Pods-Move-MoveUITests.debug.xcconfig */,
				248BCD4C9A3ED0BD3370D941 /* Pods-Move-MoveUITests.release.xcconfig */,
				EDF2C768156706EB560C1788 /* Pods-MoveTests.debug.xcconfig */,
				9C213F793951F3F01D93923C /* Pods-MoveTests.release.xcconfig */,
			);
			path = Pods;
			sourceTree = "<group>";
		};
		5BB1392ADCED146D0F8BA6FB /* Frameworks */ = {
			isa = PBXGroup;
			children = (
				E867692D79AB178751228CEF /* Pods_Move.framework */,
				72C83EF8B12F95B27F5BA2EE /* Pods_Move_MoveUITests.framework */,
				8E87E137A12647164664F69B /* Pods_MoveTests.framework */,
			);
			name = Frameworks;
			sourceTree = "<group>";
		};
		F94A968728BCA5F900231B2E /* API */ = {
			isa = PBXGroup;
			children = (
				F94A968828BCA61F00231B2E /* UserCredentialsAPI.swift */,
			);
			path = API;
			sourceTree = "<group>";
		};
		F9A1A7E528A1163200E8DFB9 = {
			isa = PBXGroup;
			children = (
				F9A1A7F028A1163200E8DFB9 /* Move */,
				F9A1A80128A1163400E8DFB9 /* MoveTests */,
				F9A1A80B28A1163500E8DFB9 /* MoveUITests */,
				F9A1A7EF28A1163200E8DFB9 /* Products */,
				405DEDA70057F1F1CC008FF7 /* Pods */,
				5BB1392ADCED146D0F8BA6FB /* Frameworks */,
			);
			sourceTree = "<group>";
		};
		F9A1A7EF28A1163200E8DFB9 /* Products */ = {
			isa = PBXGroup;
			children = (
				F9A1A7EE28A1163200E8DFB9 /* Move.app */,
				F9A1A7FE28A1163400E8DFB9 /* MoveTests.xctest */,
				F9A1A80828A1163500E8DFB9 /* MoveUITests.xctest */,
			);
			name = Products;
			sourceTree = "<group>";
		};
		F9A1A7F028A1163200E8DFB9 /* Move */ = {
			isa = PBXGroup;
			children = (
				F94A968728BCA5F900231B2E /* API */,
				03AFACAD28B8AB7400DD0DE7 /* DrivingLicenseView */,
				036FF88128AD06F0004C913A /* Fonts */,
				036FF87828ABBC2E004C913A /* Components */,
				036FF87528ABB917004C913A /* Extensions */,
				03472B2528AB83C0008F51DE /* Coordinators */,
				03472ACB28A272CF008F51DE /* Info.plist */,
				03472A9D28A260EA008F51DE /* Onboarding */,
				03472A9828A252F5008F51DE /* Authentication */,
				F9A1A81B28A11C7E00E8DFB9 /* Splash */,
				F9A1A7F128A1163200E8DFB9 /* MoveApp.swift */,
				F9A1A7F328A1163200E8DFB9 /* ContentView.swift */,
				F9A1A7F528A1163400E8DFB9 /* Assets.xcassets */,
				F9A1A7F728A1163400E8DFB9 /* Preview Content */,
			);
			path = Move;
			sourceTree = "<group>";
		};
		F9A1A7F728A1163400E8DFB9 /* Preview Content */ = {
			isa = PBXGroup;
			children = (
				F9A1A7F828A1163400E8DFB9 /* Preview Assets.xcassets */,
			);
			path = "Preview Content";
			sourceTree = "<group>";
		};
		F9A1A80128A1163400E8DFB9 /* MoveTests */ = {
			isa = PBXGroup;
			children = (
				F9A1A80228A1163400E8DFB9 /* MoveTests.swift */,
			);
			path = MoveTests;
			sourceTree = "<group>";
		};
		F9A1A80B28A1163500E8DFB9 /* MoveUITests */ = {
			isa = PBXGroup;
			children = (
				F9A1A80C28A1163500E8DFB9 /* MoveUITests.swift */,
				F9A1A80E28A1163500E8DFB9 /* MoveUITestsLaunchTests.swift */,
			);
			path = MoveUITests;
			sourceTree = "<group>";
		};
		F9A1A81B28A11C7E00E8DFB9 /* Splash */ = {
			isa = PBXGroup;
			children = (
				F9A1A81C28A11C9100E8DFB9 /* SplashView.swift */,
			);
			path = Splash;
			sourceTree = "<group>";
		};
/* End PBXGroup section */

/* Begin PBXNativeTarget section */
		F9A1A7ED28A1163200E8DFB9 /* Move */ = {
			isa = PBXNativeTarget;
			buildConfigurationList = F9A1A81228A1163500E8DFB9 /* Build configuration list for PBXNativeTarget "Move" */;
			buildPhases = (
				4F73C24F5502028B20974BB0 /* [CP] Check Pods Manifest.lock */,
				F9A1A7EA28A1163200E8DFB9 /* Sources */,
				F9A1A7EB28A1163200E8DFB9 /* Frameworks */,
				F9A1A7EC28A1163200E8DFB9 /* Resources */,
				652B7234376F0956ECFC2A8F /* [CP] Embed Pods Frameworks */,
			);
			buildRules = (
			);
			dependencies = (
			);
			name = Move;
			packageProductDependencies = (
				F9A1A81F28A1269C00E8DFB9 /* NavigationStack */,
				03472A9428A24AB9008F51DE /* NavigationStack */,
				036FF87328AB9F11004C913A /* NavigationStack */,
			);
			productName = Move;
			productReference = F9A1A7EE28A1163200E8DFB9 /* Move.app */;
			productType = "com.apple.product-type.application";
		};
		F9A1A7FD28A1163400E8DFB9 /* MoveTests */ = {
			isa = PBXNativeTarget;
			buildConfigurationList = F9A1A81528A1163500E8DFB9 /* Build configuration list for PBXNativeTarget "MoveTests" */;
			buildPhases = (
				98CB5CFAD418DDEB8CAF3F52 /* [CP] Check Pods Manifest.lock */,
				F9A1A7FA28A1163400E8DFB9 /* Sources */,
				F9A1A7FB28A1163400E8DFB9 /* Frameworks */,
				F9A1A7FC28A1163400E8DFB9 /* Resources */,
			);
			buildRules = (
			);
			dependencies = (
				F9A1A80028A1163400E8DFB9 /* PBXTargetDependency */,
			);
			name = MoveTests;
			productName = MoveTests;
			productReference = F9A1A7FE28A1163400E8DFB9 /* MoveTests.xctest */;
			productType = "com.apple.product-type.bundle.unit-test";
		};
		F9A1A80728A1163500E8DFB9 /* MoveUITests */ = {
			isa = PBXNativeTarget;
			buildConfigurationList = F9A1A81828A1163500E8DFB9 /* Build configuration list for PBXNativeTarget "MoveUITests" */;
			buildPhases = (
				933449A67D26895D7F155FD0 /* [CP] Check Pods Manifest.lock */,
				F9A1A80428A1163500E8DFB9 /* Sources */,
				F9A1A80528A1163500E8DFB9 /* Frameworks */,
				F9A1A80628A1163500E8DFB9 /* Resources */,
				2FB78115AA9A9701F14DA156 /* [CP] Embed Pods Frameworks */,
			);
			buildRules = (
			);
			dependencies = (
				F9A1A80A28A1163500E8DFB9 /* PBXTargetDependency */,
			);
			name = MoveUITests;
			productName = MoveUITests;
			productReference = F9A1A80828A1163500E8DFB9 /* MoveUITests.xctest */;
			productType = "com.apple.product-type.bundle.ui-testing";
		};
/* End PBXNativeTarget section */

/* Begin PBXProject section */
		F9A1A7E628A1163200E8DFB9 /* Project object */ = {
			isa = PBXProject;
			attributes = {
				BuildIndependentTargetsInParallel = 1;
				LastSwiftUpdateCheck = 1340;
				LastUpgradeCheck = 1340;
				TargetAttributes = {
					F9A1A7ED28A1163200E8DFB9 = {
						CreatedOnToolsVersion = 13.4.1;
					};
					F9A1A7FD28A1163400E8DFB9 = {
						CreatedOnToolsVersion = 13.4.1;
						TestTargetID = F9A1A7ED28A1163200E8DFB9;
					};
					F9A1A80728A1163500E8DFB9 = {
						CreatedOnToolsVersion = 13.4.1;
						TestTargetID = F9A1A7ED28A1163200E8DFB9;
					};
				};
			};
			buildConfigurationList = F9A1A7E928A1163200E8DFB9 /* Build configuration list for PBXProject "Move" */;
			compatibilityVersion = "Xcode 13.0";
			developmentRegion = en;
			hasScannedForEncodings = 0;
			knownRegions = (
				en,
				Base,
			);
			mainGroup = F9A1A7E528A1163200E8DFB9;
			packageReferences = (
				F9A1A81E28A1269C00E8DFB9 /* XCRemoteSwiftPackageReference "swiftui-navigation-stack" */,
				03472A9328A24AB9008F51DE /* XCRemoteSwiftPackageReference "swiftui-navigation-stack" */,
				036FF87228AB9F11004C913A /* XCRemoteSwiftPackageReference "swiftui-navigation-stack" */,
			);
			productRefGroup = F9A1A7EF28A1163200E8DFB9 /* Products */;
			projectDirPath = "";
			projectRoot = "";
			targets = (
				F9A1A7ED28A1163200E8DFB9 /* Move */,
				F9A1A7FD28A1163400E8DFB9 /* MoveTests */,
				F9A1A80728A1163500E8DFB9 /* MoveUITests */,
			);
		};
/* End PBXProject section */

/* Begin PBXResourcesBuildPhase section */
		F9A1A7EC28A1163200E8DFB9 /* Resources */ = {
			isa = PBXResourcesBuildPhase;
			buildActionMask = 2147483647;
			files = (
				F9A1A7F928A1163400E8DFB9 /* Preview Assets.xcassets in Resources */,
				03472B1428A27ED0008F51DE /* BaiJamjuree-Bold.ttf in Resources */,
				03472B1128A27ED0008F51DE /* BaiJamjuree-Regular.ttf in Resources */,
				03472B1228A27ED0008F51DE /* BaiJamjuree-Italic.ttf in Resources */,
				03472B0E28A27ED0008F51DE /* BaiJamjuree-ExtraLightItalic.ttf in Resources */,
				03472B1728A27ED0008F51DE /* BaiJamjuree-Medium.ttf in Resources */,
				03472B1528A27ED0008F51DE /* BaiJamjuree-LightItalic.ttf in Resources */,
				03472B0D28A27ED0008F51DE /* BaiJamjuree-BoldItalic.ttf in Resources */,
				F9A1A7F628A1163400E8DFB9 /* Assets.xcassets in Resources */,
				03472B1628A27ED0008F51DE /* BaiJamjuree-ExtraLight.ttf in Resources */,
				03472B0C28A27ED0008F51DE /* BaiJamjuree-MediumItalic.ttf in Resources */,
				03472B0F28A27ED0008F51DE /* BaiJamjuree-SemiBoldItalic.ttf in Resources */,
				03472B1028A27ED0008F51DE /* BaiJamjuree-Light.ttf in Resources */,
				03472B1328A27ED0008F51DE /* BaiJamjuree-SemiBold.ttf in Resources */,
			);
			runOnlyForDeploymentPostprocessing = 0;
		};
		F9A1A7FC28A1163400E8DFB9 /* Resources */ = {
			isa = PBXResourcesBuildPhase;
			buildActionMask = 2147483647;
			files = (
			);
			runOnlyForDeploymentPostprocessing = 0;
		};
		F9A1A80628A1163500E8DFB9 /* Resources */ = {
			isa = PBXResourcesBuildPhase;
			buildActionMask = 2147483647;
			files = (
			);
			runOnlyForDeploymentPostprocessing = 0;
		};
/* End PBXResourcesBuildPhase section */

/* Begin PBXShellScriptBuildPhase section */
		2FB78115AA9A9701F14DA156 /* [CP] Embed Pods Frameworks */ = {
			isa = PBXShellScriptBuildPhase;
			buildActionMask = 2147483647;
			files = (
			);
			inputFileListPaths = (
				"${PODS_ROOT}/Target Support Files/Pods-Move-MoveUITests/Pods-Move-MoveUITests-frameworks-${CONFIGURATION}-input-files.xcfilelist",
			);
			name = "[CP] Embed Pods Frameworks";
			outputFileListPaths = (
				"${PODS_ROOT}/Target Support Files/Pods-Move-MoveUITests/Pods-Move-MoveUITests-frameworks-${CONFIGURATION}-output-files.xcfilelist",
			);
			runOnlyForDeploymentPostprocessing = 0;
			shellPath = /bin/sh;
			shellScript = "\"${PODS_ROOT}/Target Support Files/Pods-Move-MoveUITests/Pods-Move-MoveUITests-frameworks.sh\"\n";
			showEnvVarsInLog = 0;
		};
		4F73C24F5502028B20974BB0 /* [CP] Check Pods Manifest.lock */ = {
			isa = PBXShellScriptBuildPhase;
			buildActionMask = 2147483647;
			files = (
			);
			inputFileListPaths = (
			);
			inputPaths = (
				"${PODS_PODFILE_DIR_PATH}/Podfile.lock",
				"${PODS_ROOT}/Manifest.lock",
			);
			name = "[CP] Check Pods Manifest.lock";
			outputFileListPaths = (
			);
			outputPaths = (
				"$(DERIVED_FILE_DIR)/Pods-Move-checkManifestLockResult.txt",
			);
			runOnlyForDeploymentPostprocessing = 0;
			shellPath = /bin/sh;
			shellScript = "diff \"${PODS_PODFILE_DIR_PATH}/Podfile.lock\" \"${PODS_ROOT}/Manifest.lock\" > /dev/null\nif [ $? != 0 ] ; then\n    # print error to STDERR\n    echo \"error: The sandbox is not in sync with the Podfile.lock. Run 'pod install' or update your CocoaPods installation.\" >&2\n    exit 1\nfi\n# This output is used by Xcode 'outputs' to avoid re-running this script phase.\necho \"SUCCESS\" > \"${SCRIPT_OUTPUT_FILE_0}\"\n";
			showEnvVarsInLog = 0;
		};
		652B7234376F0956ECFC2A8F /* [CP] Embed Pods Frameworks */ = {
			isa = PBXShellScriptBuildPhase;
			buildActionMask = 2147483647;
			files = (
			);
			inputFileListPaths = (
				"${PODS_ROOT}/Target Support Files/Pods-Move/Pods-Move-frameworks-${CONFIGURATION}-input-files.xcfilelist",
			);
			name = "[CP] Embed Pods Frameworks";
			outputFileListPaths = (
				"${PODS_ROOT}/Target Support Files/Pods-Move/Pods-Move-frameworks-${CONFIGURATION}-output-files.xcfilelist",
			);
			runOnlyForDeploymentPostprocessing = 0;
			shellPath = /bin/sh;
			shellScript = "\"${PODS_ROOT}/Target Support Files/Pods-Move/Pods-Move-frameworks.sh\"\n";
			showEnvVarsInLog = 0;
		};
		933449A67D26895D7F155FD0 /* [CP] Check Pods Manifest.lock */ = {
			isa = PBXShellScriptBuildPhase;
			buildActionMask = 2147483647;
			files = (
			);
			inputFileListPaths = (
			);
			inputPaths = (
				"${PODS_PODFILE_DIR_PATH}/Podfile.lock",
				"${PODS_ROOT}/Manifest.lock",
			);
			name = "[CP] Check Pods Manifest.lock";
			outputFileListPaths = (
			);
			outputPaths = (
				"$(DERIVED_FILE_DIR)/Pods-Move-MoveUITests-checkManifestLockResult.txt",
			);
			runOnlyForDeploymentPostprocessing = 0;
			shellPath = /bin/sh;
			shellScript = "diff \"${PODS_PODFILE_DIR_PATH}/Podfile.lock\" \"${PODS_ROOT}/Manifest.lock\" > /dev/null\nif [ $? != 0 ] ; then\n    # print error to STDERR\n    echo \"error: The sandbox is not in sync with the Podfile.lock. Run 'pod install' or update your CocoaPods installation.\" >&2\n    exit 1\nfi\n# This output is used by Xcode 'outputs' to avoid re-running this script phase.\necho \"SUCCESS\" > \"${SCRIPT_OUTPUT_FILE_0}\"\n";
			showEnvVarsInLog = 0;
		};
		98CB5CFAD418DDEB8CAF3F52 /* [CP] Check Pods Manifest.lock */ = {
			isa = PBXShellScriptBuildPhase;
			buildActionMask = 2147483647;
			files = (
			);
			inputFileListPaths = (
			);
			inputPaths = (
				"${PODS_PODFILE_DIR_PATH}/Podfile.lock",
				"${PODS_ROOT}/Manifest.lock",
			);
			name = "[CP] Check Pods Manifest.lock";
			outputFileListPaths = (
			);
			outputPaths = (
				"$(DERIVED_FILE_DIR)/Pods-MoveTests-checkManifestLockResult.txt",
			);
			runOnlyForDeploymentPostprocessing = 0;
			shellPath = /bin/sh;
			shellScript = "diff \"${PODS_PODFILE_DIR_PATH}/Podfile.lock\" \"${PODS_ROOT}/Manifest.lock\" > /dev/null\nif [ $? != 0 ] ; then\n    # print error to STDERR\n    echo \"error: The sandbox is not in sync with the Podfile.lock. Run 'pod install' or update your CocoaPods installation.\" >&2\n    exit 1\nfi\n# This output is used by Xcode 'outputs' to avoid re-running this script phase.\necho \"SUCCESS\" > \"${SCRIPT_OUTPUT_FILE_0}\"\n";
			showEnvVarsInLog = 0;
		};
/* End PBXShellScriptBuildPhase section */

/* Begin PBXSourcesBuildPhase section */
		F9A1A7EA28A1163200E8DFB9 /* Sources */ = {
			isa = PBXSourcesBuildPhase;
			buildActionMask = 2147483647;
			files = (
				036FF87728ABB925004C913A /* ViewExtensions.swift in Sources */,
				0356772428AE629D00FDB6BC /* ForgotPasswordView.swift in Sources */,
				036FF87128AB8F97004C913A /* OnboardingCoordinatorView.swift in Sources */,
				036FF88028AD01CB004C913A /* FontExtensions.swift in Sources */,
				F9A1A7F428A1163200E8DFB9 /* ContentView.swift in Sources */,
				F9A1A7F228A1163200E8DFB9 /* MoveApp.swift in Sources */,
				03AFAD3028B8E9FC00DD0DE7 /* ValidatedView.swift in Sources */,
				035033F828AE26C00084762F /* AuthenticationBackground.swift in Sources */,
				F94A968928BCA61F00231B2E /* UserCredentialsAPI.swift in Sources */,
				035033F628AE20540084762F /* ColorExtensions.swift in Sources */,
				03AFAD2E28B8E76A00DD0DE7 /* WaitingForValidationView.swift in Sources */,
				03472AA128A2655E008F51DE /* SlideIndicatorView.swift in Sources */,
				035033F428AE1FB80084762F /* Buttons.swift in Sources */,
				0356772128AE3CFF00FDB6BC /* LogInView.swift in Sources */,
				03472AA328A26950008F51DE /* OnboardingViewModel.swift in Sources */,
				F9A1A81D28A11C9100E8DFB9 /* SplashView.swift in Sources */,
				036FF87A28ABBC3C004C913A /* FloatingTextField.swift in Sources */,
				03472B2728AB83D4008F51DE /* MainCoordinatorView.swift in Sources */,
				036FF87C28ABC513004C913A /* TextExtensions.swift in Sources */,
				036FF88328AD1C20004C913A /* SignUpCoordinatorView.swift in Sources */,
				03472A9A28A25328008F51DE /* AuthenticationModel.swift in Sources */,
				03AFACAF28B8AB9800DD0DE7 /* LicenseInformationView.swift in Sources */,
				03472A9C28A25336008F51DE /* AuthenticationView.swift in Sources */,
				03472A9F28A2611F008F51DE /* OnboardingView.swift in Sources */,
			);
			runOnlyForDeploymentPostprocessing = 0;
		};
		F9A1A7FA28A1163400E8DFB9 /* Sources */ = {
			isa = PBXSourcesBuildPhase;
			buildActionMask = 2147483647;
			files = (
				F9A1A80328A1163400E8DFB9 /* MoveTests.swift in Sources */,
			);
			runOnlyForDeploymentPostprocessing = 0;
		};
		F9A1A80428A1163500E8DFB9 /* Sources */ = {
			isa = PBXSourcesBuildPhase;
			buildActionMask = 2147483647;
			files = (
				F9A1A80D28A1163500E8DFB9 /* MoveUITests.swift in Sources */,
				F9A1A80F28A1163500E8DFB9 /* MoveUITestsLaunchTests.swift in Sources */,
			);
			runOnlyForDeploymentPostprocessing = 0;
		};
/* End PBXSourcesBuildPhase section */

/* Begin PBXTargetDependency section */
		F9A1A80028A1163400E8DFB9 /* PBXTargetDependency */ = {
			isa = PBXTargetDependency;
			target = F9A1A7ED28A1163200E8DFB9 /* Move */;
			targetProxy = F9A1A7FF28A1163400E8DFB9 /* PBXContainerItemProxy */;
		};
		F9A1A80A28A1163500E8DFB9 /* PBXTargetDependency */ = {
			isa = PBXTargetDependency;
			target = F9A1A7ED28A1163200E8DFB9 /* Move */;
			targetProxy = F9A1A80928A1163500E8DFB9 /* PBXContainerItemProxy */;
		};
/* End PBXTargetDependency section */

/* Begin XCBuildConfiguration section */
		F9A1A81028A1163500E8DFB9 /* Debug */ = {
			isa = XCBuildConfiguration;
			buildSettings = {
				ALWAYS_SEARCH_USER_PATHS = NO;
				CLANG_ANALYZER_NONNULL = YES;
				CLANG_ANALYZER_NUMBER_OBJECT_CONVERSION = YES_AGGRESSIVE;
				CLANG_CXX_LANGUAGE_STANDARD = "gnu++17";
				CLANG_ENABLE_MODULES = YES;
				CLANG_ENABLE_OBJC_ARC = YES;
				CLANG_ENABLE_OBJC_WEAK = YES;
				CLANG_WARN_BLOCK_CAPTURE_AUTORELEASING = YES;
				CLANG_WARN_BOOL_CONVERSION = YES;
				CLANG_WARN_COMMA = YES;
				CLANG_WARN_CONSTANT_CONVERSION = YES;
				CLANG_WARN_DEPRECATED_OBJC_IMPLEMENTATIONS = YES;
				CLANG_WARN_DIRECT_OBJC_ISA_USAGE = YES_ERROR;
				CLANG_WARN_DOCUMENTATION_COMMENTS = YES;
				CLANG_WARN_EMPTY_BODY = YES;
				CLANG_WARN_ENUM_CONVERSION = YES;
				CLANG_WARN_INFINITE_RECURSION = YES;
				CLANG_WARN_INT_CONVERSION = YES;
				CLANG_WARN_NON_LITERAL_NULL_CONVERSION = YES;
				CLANG_WARN_OBJC_IMPLICIT_RETAIN_SELF = YES;
				CLANG_WARN_OBJC_LITERAL_CONVERSION = YES;
				CLANG_WARN_OBJC_ROOT_CLASS = YES_ERROR;
				CLANG_WARN_QUOTED_INCLUDE_IN_FRAMEWORK_HEADER = YES;
				CLANG_WARN_RANGE_LOOP_ANALYSIS = YES;
				CLANG_WARN_STRICT_PROTOTYPES = YES;
				CLANG_WARN_SUSPICIOUS_MOVE = YES;
				CLANG_WARN_UNGUARDED_AVAILABILITY = YES_AGGRESSIVE;
				CLANG_WARN_UNREACHABLE_CODE = YES;
				CLANG_WARN__DUPLICATE_METHOD_MATCH = YES;
				COPY_PHASE_STRIP = NO;
				DEBUG_INFORMATION_FORMAT = dwarf;
				ENABLE_STRICT_OBJC_MSGSEND = YES;
				ENABLE_TESTABILITY = YES;
				GCC_C_LANGUAGE_STANDARD = gnu11;
				GCC_DYNAMIC_NO_PIC = NO;
				GCC_NO_COMMON_BLOCKS = YES;
				GCC_OPTIMIZATION_LEVEL = 0;
				GCC_PREPROCESSOR_DEFINITIONS = (
					"DEBUG=1",
					"$(inherited)",
				);
				GCC_WARN_64_TO_32_BIT_CONVERSION = YES;
				GCC_WARN_ABOUT_RETURN_TYPE = YES_ERROR;
				GCC_WARN_UNDECLARED_SELECTOR = YES;
				GCC_WARN_UNINITIALIZED_AUTOS = YES_AGGRESSIVE;
				GCC_WARN_UNUSED_FUNCTION = YES;
				GCC_WARN_UNUSED_VARIABLE = YES;
				INFOPLIST_FILE = "";
				IPHONEOS_DEPLOYMENT_TARGET = 15.5;
				MTL_ENABLE_DEBUG_INFO = INCLUDE_SOURCE;
				MTL_FAST_MATH = YES;
				ONLY_ACTIVE_ARCH = YES;
				SDKROOT = iphoneos;
				SWIFT_ACTIVE_COMPILATION_CONDITIONS = DEBUG;
				SWIFT_OPTIMIZATION_LEVEL = "-Onone";
			};
			name = Debug;
		};
		F9A1A81128A1163500E8DFB9 /* Release */ = {
			isa = XCBuildConfiguration;
			buildSettings = {
				ALWAYS_SEARCH_USER_PATHS = NO;
				CLANG_ANALYZER_NONNULL = YES;
				CLANG_ANALYZER_NUMBER_OBJECT_CONVERSION = YES_AGGRESSIVE;
				CLANG_CXX_LANGUAGE_STANDARD = "gnu++17";
				CLANG_ENABLE_MODULES = YES;
				CLANG_ENABLE_OBJC_ARC = YES;
				CLANG_ENABLE_OBJC_WEAK = YES;
				CLANG_WARN_BLOCK_CAPTURE_AUTORELEASING = YES;
				CLANG_WARN_BOOL_CONVERSION = YES;
				CLANG_WARN_COMMA = YES;
				CLANG_WARN_CONSTANT_CONVERSION = YES;
				CLANG_WARN_DEPRECATED_OBJC_IMPLEMENTATIONS = YES;
				CLANG_WARN_DIRECT_OBJC_ISA_USAGE = YES_ERROR;
				CLANG_WARN_DOCUMENTATION_COMMENTS = YES;
				CLANG_WARN_EMPTY_BODY = YES;
				CLANG_WARN_ENUM_CONVERSION = YES;
				CLANG_WARN_INFINITE_RECURSION = YES;
				CLANG_WARN_INT_CONVERSION = YES;
				CLANG_WARN_NON_LITERAL_NULL_CONVERSION = YES;
				CLANG_WARN_OBJC_IMPLICIT_RETAIN_SELF = YES;
				CLANG_WARN_OBJC_LITERAL_CONVERSION = YES;
				CLANG_WARN_OBJC_ROOT_CLASS = YES_ERROR;
				CLANG_WARN_QUOTED_INCLUDE_IN_FRAMEWORK_HEADER = YES;
				CLANG_WARN_RANGE_LOOP_ANALYSIS = YES;
				CLANG_WARN_STRICT_PROTOTYPES = YES;
				CLANG_WARN_SUSPICIOUS_MOVE = YES;
				CLANG_WARN_UNGUARDED_AVAILABILITY = YES_AGGRESSIVE;
				CLANG_WARN_UNREACHABLE_CODE = YES;
				CLANG_WARN__DUPLICATE_METHOD_MATCH = YES;
				COPY_PHASE_STRIP = NO;
				DEBUG_INFORMATION_FORMAT = "dwarf-with-dsym";
				ENABLE_NS_ASSERTIONS = NO;
				ENABLE_STRICT_OBJC_MSGSEND = YES;
				GCC_C_LANGUAGE_STANDARD = gnu11;
				GCC_NO_COMMON_BLOCKS = YES;
				GCC_WARN_64_TO_32_BIT_CONVERSION = YES;
				GCC_WARN_ABOUT_RETURN_TYPE = YES_ERROR;
				GCC_WARN_UNDECLARED_SELECTOR = YES;
				GCC_WARN_UNINITIALIZED_AUTOS = YES_AGGRESSIVE;
				GCC_WARN_UNUSED_FUNCTION = YES;
				GCC_WARN_UNUSED_VARIABLE = YES;
				INFOPLIST_FILE = "";
				IPHONEOS_DEPLOYMENT_TARGET = 15.5;
				MTL_ENABLE_DEBUG_INFO = NO;
				MTL_FAST_MATH = YES;
				SDKROOT = iphoneos;
				SWIFT_COMPILATION_MODE = wholemodule;
				SWIFT_OPTIMIZATION_LEVEL = "-O";
				VALIDATE_PRODUCT = YES;
			};
			name = Release;
		};
		F9A1A81328A1163500E8DFB9 /* Debug */ = {
			isa = XCBuildConfiguration;
			baseConfigurationReference = D605BCA9BAC10CBA2DDC75BF /* Pods-Move.debug.xcconfig */;
			buildSettings = {
				ASSETCATALOG_COMPILER_APPICON_NAME = AppIcon;
				ASSETCATALOG_COMPILER_GLOBAL_ACCENT_COLOR_NAME = AccentColor;
				CODE_SIGN_STYLE = Automatic;
				CURRENT_PROJECT_VERSION = 1;
				DEVELOPMENT_ASSET_PATHS = "\"Move/Preview Content\"";
				DEVELOPMENT_TEAM = UC457FQPMT;
				ENABLE_PREVIEWS = YES;
				GENERATE_INFOPLIST_FILE = YES;
				INFOPLIST_FILE = Move/Info.plist;
				INFOPLIST_KEY_UIApplicationSceneManifest_Generation = YES;
				INFOPLIST_KEY_UIApplicationSupportsIndirectInputEvents = YES;
				INFOPLIST_KEY_UILaunchScreen_Generation = YES;
				INFOPLIST_KEY_UISupportedInterfaceOrientations_iPad = "UIInterfaceOrientationPortrait UIInterfaceOrientationPortraitUpsideDown UIInterfaceOrientationLandscapeLeft UIInterfaceOrientationLandscapeRight";
				INFOPLIST_KEY_UISupportedInterfaceOrientations_iPhone = "UIInterfaceOrientationPortrait UIInterfaceOrientationLandscapeLeft UIInterfaceOrientationLandscapeRight";
				LD_RUNPATH_SEARCH_PATHS = (
					"$(inherited)",
					"@executable_path/Frameworks",
				);
				MARKETING_VERSION = 1.0;
				PRODUCT_BUNDLE_IDENTIFIER = com.tapptitude.silviu807.Move;
				PRODUCT_NAME = "$(TARGET_NAME)";
				SWIFT_EMIT_LOC_STRINGS = YES;
				SWIFT_VERSION = 5.0;
				TARGETED_DEVICE_FAMILY = "1,2";
			};
			name = Debug;
		};
		F9A1A81428A1163500E8DFB9 /* Release */ = {
			isa = XCBuildConfiguration;
			baseConfigurationReference = A78BC7C3872B258E01CC2329 /* Pods-Move.release.xcconfig */;
			buildSettings = {
				ASSETCATALOG_COMPILER_APPICON_NAME = AppIcon;
				ASSETCATALOG_COMPILER_GLOBAL_ACCENT_COLOR_NAME = AccentColor;
				CODE_SIGN_STYLE = Automatic;
				CURRENT_PROJECT_VERSION = 1;
				DEVELOPMENT_ASSET_PATHS = "\"Move/Preview Content\"";
				DEVELOPMENT_TEAM = UC457FQPMT;
				ENABLE_PREVIEWS = YES;
				GENERATE_INFOPLIST_FILE = YES;
				INFOPLIST_FILE = Move/Info.plist;
				INFOPLIST_KEY_UIApplicationSceneManifest_Generation = YES;
				INFOPLIST_KEY_UIApplicationSupportsIndirectInputEvents = YES;
				INFOPLIST_KEY_UILaunchScreen_Generation = YES;
				INFOPLIST_KEY_UISupportedInterfaceOrientations_iPad = "UIInterfaceOrientationPortrait UIInterfaceOrientationPortraitUpsideDown UIInterfaceOrientationLandscapeLeft UIInterfaceOrientationLandscapeRight";
				INFOPLIST_KEY_UISupportedInterfaceOrientations_iPhone = "UIInterfaceOrientationPortrait UIInterfaceOrientationLandscapeLeft UIInterfaceOrientationLandscapeRight";
				LD_RUNPATH_SEARCH_PATHS = (
					"$(inherited)",
					"@executable_path/Frameworks",
				);
				MARKETING_VERSION = 1.0;
				PRODUCT_BUNDLE_IDENTIFIER = com.tapptitude.silviu807.Move;
				PRODUCT_NAME = "$(TARGET_NAME)";
				SWIFT_EMIT_LOC_STRINGS = YES;
				SWIFT_VERSION = 5.0;
				TARGETED_DEVICE_FAMILY = "1,2";
			};
			name = Release;
		};
		F9A1A81628A1163500E8DFB9 /* Debug */ = {
			isa = XCBuildConfiguration;
			baseConfigurationReference = EDF2C768156706EB560C1788 /* Pods-MoveTests.debug.xcconfig */;
			buildSettings = {
				ALWAYS_EMBED_SWIFT_STANDARD_LIBRARIES = YES;
				BUNDLE_LOADER = "$(TEST_HOST)";
				CODE_SIGN_STYLE = Automatic;
				CURRENT_PROJECT_VERSION = 1;
				GENERATE_INFOPLIST_FILE = YES;
				IPHONEOS_DEPLOYMENT_TARGET = 15.5;
				MARKETING_VERSION = 1.0;
				PRODUCT_BUNDLE_IDENTIFIER = com.tapptitude.MoveTests;
				PRODUCT_NAME = "$(TARGET_NAME)";
				SWIFT_EMIT_LOC_STRINGS = NO;
				SWIFT_VERSION = 5.0;
				TARGETED_DEVICE_FAMILY = "1,2";
				TEST_HOST = "$(BUILT_PRODUCTS_DIR)/Move.app/Move";
			};
			name = Debug;
		};
		F9A1A81728A1163500E8DFB9 /* Release */ = {
			isa = XCBuildConfiguration;
			baseConfigurationReference = 9C213F793951F3F01D93923C /* Pods-MoveTests.release.xcconfig */;
			buildSettings = {
				ALWAYS_EMBED_SWIFT_STANDARD_LIBRARIES = YES;
				BUNDLE_LOADER = "$(TEST_HOST)";
				CODE_SIGN_STYLE = Automatic;
				CURRENT_PROJECT_VERSION = 1;
				GENERATE_INFOPLIST_FILE = YES;
				IPHONEOS_DEPLOYMENT_TARGET = 15.5;
				MARKETING_VERSION = 1.0;
				PRODUCT_BUNDLE_IDENTIFIER = com.tapptitude.MoveTests;
				PRODUCT_NAME = "$(TARGET_NAME)";
				SWIFT_EMIT_LOC_STRINGS = NO;
				SWIFT_VERSION = 5.0;
				TARGETED_DEVICE_FAMILY = "1,2";
				TEST_HOST = "$(BUILT_PRODUCTS_DIR)/Move.app/Move";
			};
			name = Release;
		};
		F9A1A81928A1163500E8DFB9 /* Debug */ = {
			isa = XCBuildConfiguration;
			baseConfigurationReference = 58142A9E78918E9180F60432 /* Pods-Move-MoveUITests.debug.xcconfig */;
			buildSettings = {
				ALWAYS_EMBED_SWIFT_STANDARD_LIBRARIES = YES;
				CODE_SIGN_STYLE = Automatic;
				CURRENT_PROJECT_VERSION = 1;
				GENERATE_INFOPLIST_FILE = YES;
				MARKETING_VERSION = 1.0;
				PRODUCT_BUNDLE_IDENTIFIER = com.tapptitude.MoveUITests;
				PRODUCT_NAME = "$(TARGET_NAME)";
				SWIFT_EMIT_LOC_STRINGS = NO;
				SWIFT_VERSION = 5.0;
				TARGETED_DEVICE_FAMILY = "1,2";
				TEST_TARGET_NAME = Move;
			};
			name = Debug;
		};
		F9A1A81A28A1163500E8DFB9 /* Release */ = {
			isa = XCBuildConfiguration;
			baseConfigurationReference = 248BCD4C9A3ED0BD3370D941 /* Pods-Move-MoveUITests.release.xcconfig */;
			buildSettings = {
				ALWAYS_EMBED_SWIFT_STANDARD_LIBRARIES = YES;
				CODE_SIGN_STYLE = Automatic;
				CURRENT_PROJECT_VERSION = 1;
				GENERATE_INFOPLIST_FILE = YES;
				MARKETING_VERSION = 1.0;
				PRODUCT_BUNDLE_IDENTIFIER = com.tapptitude.MoveUITests;
				PRODUCT_NAME = "$(TARGET_NAME)";
				SWIFT_EMIT_LOC_STRINGS = NO;
				SWIFT_VERSION = 5.0;
				TARGETED_DEVICE_FAMILY = "1,2";
				TEST_TARGET_NAME = Move;
			};
			name = Release;
		};
/* End XCBuildConfiguration section */

/* Begin XCConfigurationList section */
		F9A1A7E928A1163200E8DFB9 /* Build configuration list for PBXProject "Move" */ = {
			isa = XCConfigurationList;
			buildConfigurations = (
				F9A1A81028A1163500E8DFB9 /* Debug */,
				F9A1A81128A1163500E8DFB9 /* Release */,
			);
			defaultConfigurationIsVisible = 0;
			defaultConfigurationName = Release;
		};
		F9A1A81228A1163500E8DFB9 /* Build configuration list for PBXNativeTarget "Move" */ = {
			isa = XCConfigurationList;
			buildConfigurations = (
				F9A1A81328A1163500E8DFB9 /* Debug */,
				F9A1A81428A1163500E8DFB9 /* Release */,
			);
			defaultConfigurationIsVisible = 0;
			defaultConfigurationName = Release;
		};
		F9A1A81528A1163500E8DFB9 /* Build configuration list for PBXNativeTarget "MoveTests" */ = {
			isa = XCConfigurationList;
			buildConfigurations = (
				F9A1A81628A1163500E8DFB9 /* Debug */,
				F9A1A81728A1163500E8DFB9 /* Release */,
			);
			defaultConfigurationIsVisible = 0;
			defaultConfigurationName = Release;
		};
		F9A1A81828A1163500E8DFB9 /* Build configuration list for PBXNativeTarget "MoveUITests" */ = {
			isa = XCConfigurationList;
			buildConfigurations = (
				F9A1A81928A1163500E8DFB9 /* Debug */,
				F9A1A81A28A1163500E8DFB9 /* Release */,
			);
			defaultConfigurationIsVisible = 0;
			defaultConfigurationName = Release;
		};
/* End XCConfigurationList section */

/* Begin XCRemoteSwiftPackageReference section */
		03472A9328A24AB9008F51DE /* XCRemoteSwiftPackageReference "swiftui-navigation-stack" */ = {
			isa = XCRemoteSwiftPackageReference;
			repositoryURL = "https://github.com/matteopuc/swiftui-navigation-stack.git";
			requirement = {
				kind = upToNextMajorVersion;
				minimumVersion = 1.0.0;
			};
		};
		036FF87228AB9F11004C913A /* XCRemoteSwiftPackageReference "swiftui-navigation-stack" */ = {
			isa = XCRemoteSwiftPackageReference;
			repositoryURL = "https://github.com/matteopuc/swiftui-navigation-stack.git";
			requirement = {
				branch = develop;
				kind = branch;
			};
		};
		F9A1A81E28A1269C00E8DFB9 /* XCRemoteSwiftPackageReference "swiftui-navigation-stack" */ = {
			isa = XCRemoteSwiftPackageReference;
			repositoryURL = "https://github.com/matteopuc/swiftui-navigation-stack.git";
			requirement = {
				kind = upToNextMajorVersion;
				minimumVersion = 1.0.0;
			};
		};
/* End XCRemoteSwiftPackageReference section */

/* Begin XCSwiftPackageProductDependency section */
		03472A9428A24AB9008F51DE /* NavigationStack */ = {
			isa = XCSwiftPackageProductDependency;
			package = F9A1A81E28A1269C00E8DFB9 /* XCRemoteSwiftPackageReference "swiftui-navigation-stack" */;
			productName = NavigationStack;
		};
		036FF87328AB9F11004C913A /* NavigationStack */ = {
			isa = XCSwiftPackageProductDependency;
			package = 036FF87228AB9F11004C913A /* XCRemoteSwiftPackageReference "swiftui-navigation-stack" */;
			productName = NavigationStack;
		};
		F9A1A81F28A1269C00E8DFB9 /* NavigationStack */ = {
			isa = XCSwiftPackageProductDependency;
			package = F9A1A81E28A1269C00E8DFB9 /* XCRemoteSwiftPackageReference "swiftui-navigation-stack" */;
			productName = NavigationStack;
		};
/* End XCSwiftPackageProductDependency section */
	};
	rootObject = F9A1A7E628A1163200E8DFB9 /* Project object */;
}
