PODS:
  - Alamofire (5.6.2)
  - SwiftMessages (9.0.6):
    - SwiftMessages/App (= 9.0.6)
  - SwiftMessages/App (9.0.6)

DEPENDENCIES:
  - Alamofire
  - SwiftMessages

SPEC REPOS:
  trunk:
    - Alamofire
    - SwiftMessages

SPEC CHECKSUMS:
  Alamofire: d368e1ff8a298e6dde360e35a3e68e6c610e7204
  SwiftMessages: f0c7ef4705a570ad6c5e208b611f4333e660ed92

PODFILE CHECKSUM: 993229a004ccb7d855c4b995a9ab35ff45f29101

COCOAPODS: 1.11.3
